
Microsoft Visual Studio Solution File, Format Version 12.00
# Visual Studio 15
Project("{FAE04EC0-301F-11D3-BF4B-00C04F79EFBC}") = "MerryYellow.CodeAssist.Editor", "MerryYellow.CodeAssist.Editor.csproj", "{30FB87BA-7226-CC6F-99A3-DAF4FE2BE4A1}"
EndProject
Project("{FAE04EC0-301F-11D3-BF4B-00C04F79EFBC}") = "Assembly-CSharp", "Assembly-CSharp.csproj", "{A94BFC57-D611-D5BB-F350-36BDF47EEC65}"
EndProject
Project("{FAE04EC0-301F-11D3-BF4B-00C04F79EFBC}") = "Unity.2D.Tilemap.Extras", "Unity.2D.Tilemap.Extras.csproj", "{B774D747-2326-322A-899F-015375D23391}"
EndProject
Project("{FAE04EC0-301F-11D3-BF4B-00C04F79EFBC}") = "Unity.2D.Tilemap.Extras.Editor", "Unity.2D.Tilemap.Extras.Editor.csproj", "{4E4528FE-08A6-DC42-FC53-373FECE48D67}"
EndProject
Project("{FAE04EC0-301F-11D3-BF4B-00C04F79EFBC}") = "Unity.2D.Tilemap.Extras.Placeholder.EditorTests", "Unity.2D.Tilemap.Extras.Placeholder.EditorTests.csproj", "{CDACA70D-4DFA-AF35-EFC9-C06A1F48965F}"
EndProject
Global
	GlobalSection(SolutionConfigurationPlatforms) = preSolution
		Debug|Any CPU = Debug|Any CPU
		Release|Any CPU = Release|Any CPU
	EndGlobalSection
	GlobalSection(ProjectConfigurationPlatforms) = postSolution
		{30FB87BA-7226-CC6F-99A3-DAF4FE2BE4A1}.Debug|Any CPU.ActiveCfg = Debug|Any CPU
		{30FB87BA-7226-CC6F-99A3-DAF4FE2BE4A1}.Debug|Any CPU.Build.0 = Debug|Any CPU
		{30FB87BA-7226-CC6F-99A3-DAF4FE2BE4A1}.Release|Any CPU.ActiveCfg = Release|Any CPU
		{30FB87BA-7226-CC6F-99A3-DAF4FE2BE4A1}.Release|Any CPU.Build.0 = Release|Any CPU
		{A94BFC57-D611-D5BB-F350-36BDF47EEC65}.Debug|Any CPU.ActiveCfg = Debug|Any CPU
		{A94BFC57-D611-D5BB-F350-36BDF47EEC65}.Debug|Any CPU.Build.0 = Debug|Any CPU
		{A94BFC57-D611-D5BB-F350-36BDF47EEC65}.Release|Any CPU.ActiveCfg = Release|Any CPU
		{A94BFC57-D611-D5BB-F350-36BDF47EEC65}.Release|Any CPU.Build.0 = Release|Any CPU
		{B774D747-2326-322A-899F-015375D23391}.Debug|Any CPU.ActiveCfg = Debug|Any CPU
		{B774D747-2326-322A-899F-015375D23391}.Debug|Any CPU.Build.0 = Debug|Any CPU
		{B774D747-2326-322A-899F-015375D23391}.Release|Any CPU.ActiveCfg = Release|Any CPU
		{B774D747-2326-322A-899F-015375D23391}.Release|Any CPU.Build.0 = Release|Any CPU
		{4E4528FE-08A6-DC42-FC53-373FECE48D67}.Debug|Any CPU.ActiveCfg = Debug|Any CPU
		{4E4528FE-08A6-DC42-FC53-373FECE48D67}.Debug|Any CPU.Build.0 = Debug|Any CPU
		{4E4528FE-08A6-DC42-FC53-373FECE48D67}.Release|Any CPU.ActiveCfg = Release|Any CPU
		{4E4528FE-08A6-DC42-FC53-373FECE48D67}.Release|Any CPU.Build.0 = Release|Any CPU
		{CDACA70D-4DFA-AF35-EFC9-C06A1F48965F}.Debug|Any CPU.ActiveCfg = Debug|Any CPU
		{CDACA70D-4DFA-AF35-EFC9-C06A1F48965F}.Debug|Any CPU.Build.0 = Debug|Any CPU
		{CDACA70D-4DFA-AF35-EFC9-C06A1F48965F}.Release|Any CPU.ActiveCfg = Release|Any CPU
		{CDACA70D-4DFA-AF35-EFC9-C06A1F48965F}.Release|Any CPU.Build.0 = Release|Any CPU
	EndGlobalSection
	GlobalSection(SolutionProperties) = preSolution
		HideSolutionNode = FALSE
	EndGlobalSection
EndGlobal
