
Microsoft Visual Studio Solution File, Format Version 12.00
# Visual Studio 15
Project("{FAE04EC0-301F-11D3-BF4B-00C04F79EFBC}") = "MerryYellow.CodeAssist.Editor", "MerryYellow.CodeAssist.Editor.csproj", "{83A81AFD-1BC0-17E7-09EB-D9BDB1F24782}"
EndProject
Project("{FAE04EC0-301F-11D3-BF4B-00C04F79EFBC}") = "Assembly-CSharp", "Assembly-CSharp.csproj", "{ACF1176E-9390-3EAB-1ACA-604E40B9258F}"
EndProject
Project("{FAE04EC0-301F-11D3-BF4B-00C04F79EFBC}") = "Unity.2D.Tilemap.Extras", "Unity.2D.Tilemap.Extras.csproj", "{24782156-15F2-BDE3-B983-BA162242A7B4}"
EndProject
Project("{FAE04EC0-301F-11D3-BF4B-00C04F79EFBC}") = "Unity.2D.Tilemap.Extras.Editor", "Unity.2D.Tilemap.Extras.Editor.csproj", "{6636C098-6D92-3A77-691F-35D0BA4B92A9}"
EndProject
Project("{FAE04EC0-301F-11D3-BF4B-00C04F79EFBC}") = "Unity.2D.Tilemap.Extras.Placeholder.EditorTests", "Unity.2D.Tilemap.Extras.Placeholder.EditorTests.csproj", "{B0D5BEE1-95F0-C1EF-2346-AEEBF5598243}"
EndProject
Global
	GlobalSection(SolutionConfigurationPlatforms) = preSolution
		Debug|Any CPU = Debug|Any CPU
		Release|Any CPU = Release|Any CPU
	EndGlobalSection
	GlobalSection(ProjectConfigurationPlatforms) = postSolution
		{83A81AFD-1BC0-17E7-09EB-D9BDB1F24782}.Debug|Any CPU.ActiveCfg = Debug|Any CPU
		{83A81AFD-1BC0-17E7-09EB-D9BDB1F24782}.Debug|Any CPU.Build.0 = Debug|Any CPU
		{83A81AFD-1BC0-17E7-09EB-D9BDB1F24782}.Release|Any CPU.ActiveCfg = Release|Any CPU
		{83A81AFD-1BC0-17E7-09EB-D9BDB1F24782}.Release|Any CPU.Build.0 = Release|Any CPU
		{ACF1176E-9390-3EAB-1ACA-604E40B9258F}.Debug|Any CPU.ActiveCfg = Debug|Any CPU
		{ACF1176E-9390-3EAB-1ACA-604E40B9258F}.Debug|Any CPU.Build.0 = Debug|Any CPU
		{ACF1176E-9390-3EAB-1ACA-604E40B9258F}.Release|Any CPU.ActiveCfg = Release|Any CPU
		{ACF1176E-9390-3EAB-1ACA-604E40B9258F}.Release|Any CPU.Build.0 = Release|Any CPU
		{24782156-15F2-BDE3-B983-BA162242A7B4}.Debug|Any CPU.ActiveCfg = Debug|Any CPU
		{24782156-15F2-BDE3-B983-BA162242A7B4}.Debug|Any CPU.Build.0 = Debug|Any CPU
		{24782156-15F2-BDE3-B983-BA162242A7B4}.Release|Any CPU.ActiveCfg = Release|Any CPU
		{24782156-15F2-BDE3-B983-BA162242A7B4}.Release|Any CPU.Build.0 = Release|Any CPU
		{6636C098-6D92-3A77-691F-35D0BA4B92A9}.Debug|Any CPU.ActiveCfg = Debug|Any CPU
		{6636C098-6D92-3A77-691F-35D0BA4B92A9}.Debug|Any CPU.Build.0 = Debug|Any CPU
		{6636C098-6D92-3A77-691F-35D0BA4B92A9}.Release|Any CPU.ActiveCfg = Release|Any CPU
		{6636C098-6D92-3A77-691F-35D0BA4B92A9}.Release|Any CPU.Build.0 = Release|Any CPU
		{B0D5BEE1-95F0-C1EF-2346-AEEBF5598243}.Debug|Any CPU.ActiveCfg = Debug|Any CPU
		{B0D5BEE1-95F0-C1EF-2346-AEEBF5598243}.Debug|Any CPU.Build.0 = Debug|Any CPU
		{B0D5BEE1-95F0-C1EF-2346-AEEBF5598243}.Release|Any CPU.ActiveCfg = Release|Any CPU
		{B0D5BEE1-95F0-C1EF-2346-AEEBF5598243}.Release|Any CPU.Build.0 = Release|Any CPU
	EndGlobalSection
	GlobalSection(SolutionProperties) = preSolution
		HideSolutionNode = FALSE
	EndGlobalSection
EndGlobal
